// !$*UTF8*$!
{
	archiveVersion = 1;
	classes = {
	};
	objectVersion = 46;
	objects = {

/* Begin PBXBuildFile section */
		1B91C92E1A7950ED00ADC3D1 /* SearchResultsController.m in Sources */ = {isa = PBXBuildFile; fileRef = 1B91C92D1A7950ED00ADC3D1 /* SearchResultsController.m */; };
		1BC71F8F1A76F39E004EBA6F /* ViewDocController.m in Sources */ = {isa = PBXBuildFile; fileRef = 1BC71F8E1A76F39E004EBA6F /* ViewDocController.m */; };
		1BCB93A51A745AA200A0F689 /* main.m in Sources */ = {isa = PBXBuildFile; fileRef = 1BCB93A41A745AA200A0F689 /* main.m */; };
		1BCB93A81A745AA200A0F689 /* AppDelegate.m in Sources */ = {isa = PBXBuildFile; fileRef = 1BCB93A71A745AA200A0F689 /* AppDelegate.m */; };
		1BCB93AB1A745AA200A0F689 /* LibraryController.m in Sources */ = {isa = PBXBuildFile; fileRef = 1BCB93AA1A745AA200A0F689 /* LibraryController.m */; };
		1BCB93AE1A745AA200A0F689 /* CreateDocController.m in Sources */ = {isa = PBXBuildFile; fileRef = 1BCB93AD1A745AA200A0F689 /* CreateDocController.m */; };
		1BCB93B11A745AA200A0F689 /* Main.storyboard in Resources */ = {isa = PBXBuildFile; fileRef = 1BCB93AF1A745AA200A0F689 /* Main.storyboard */; };
		1BCB93B31A745AA200A0F689 /* Images.xcassets in Resources */ = {isa = PBXBuildFile; fileRef = 1BCB93B21A745AA200A0F689 /* Images.xcassets */; };
		1BCB93B61A745AA200A0F689 /* LaunchScreen.xib in Resources */ = {isa = PBXBuildFile; fileRef = 1BCB93B41A745AA200A0F689 /* LaunchScreen.xib */; };
		1BCB93C21A745AA200A0F689 /* COMP4601A1_ClientTests.m in Sources */ = {isa = PBXBuildFile; fileRef = 1BCB93C11A745AA200A0F689 /* COMP4601A1_ClientTests.m */; };
		1BCB93CE1A74685E00A0F689 /* Document.m in Sources */ = {isa = PBXBuildFile; fileRef = 1BCB93CD1A74685E00A0F689 /* Document.m */; };
		1BCB93D11A747A4B00A0F689 /* SearchDocController.m in Sources */ = {isa = PBXBuildFile; fileRef = 1BCB93D01A747A4B00A0F689 /* SearchDocController.m */; };
		1BD2C01C1A75B83A00DF0A0D /* libPods-RestKit.a in Frameworks */ = {isa = PBXBuildFile; fileRef = 1BD2C01B1A75B83A00DF0A0D /* libPods-RestKit.a */; };
		1BD2C0221A75B87F00DF0A0D /* CFNetwork.framework in Frameworks */ = {isa = PBXBuildFile; fileRef = 1BD2C01D1A75B87F00DF0A0D /* CFNetwork.framework */; };
		1BD2C0231A75B87F00DF0A0D /* CoreData.framework in Frameworks */ = {isa = PBXBuildFile; fileRef = 1BD2C01E1A75B87F00DF0A0D /* CoreData.framework */; };
		1BD2C0241A75B87F00DF0A0D /* MobileCoreServices.framework in Frameworks */ = {isa = PBXBuildFile; fileRef = 1BD2C01F1A75B87F00DF0A0D /* MobileCoreServices.framework */; };
		1BD2C0251A75B87F00DF0A0D /* Security.framework in Frameworks */ = {isa = PBXBuildFile; fileRef = 1BD2C0201A75B87F00DF0A0D /* Security.framework */; };
		1BD2C0261A75B87F00DF0A0D /* SystemConfiguration.framework in Frameworks */ = {isa = PBXBuildFile; fileRef = 1BD2C0211A75B87F00DF0A0D /* SystemConfiguration.framework */; };
		1BD2C02C1A75C47200DF0A0D /* RKXMLReaderSerialization.m in Sources */ = {isa = PBXBuildFile; fileRef = 1BD2C02B1A75C47200DF0A0D /* RKXMLReaderSerialization.m */; };
		1BD2C02F1A75C4DA00DF0A0D /* XMLReader.m in Sources */ = {isa = PBXBuildFile; fileRef = 1BD2C02E1A75C4DA00DF0A0D /* XMLReader.m */; };
		C9ADA369AD897A05ADDF0AF2 /* libPods.a in Frameworks */ = {isa = PBXBuildFile; fileRef = A66DD144226338B05C43DEFC /* libPods.a */; };
/* End PBXBuildFile section */

/* Begin PBXContainerItemProxy section */
		1BCB93BC1A745AA200A0F689 /* PBXContainerItemProxy */ = {
			isa = PBXContainerItemProxy;
			containerPortal = 1BCB93971A745AA200A0F689 /* Project object */;
			proxyType = 1;
			remoteGlobalIDString = 1BCB939E1A745AA200A0F689;
			remoteInfo = "COMP4601A1-Client";
		};
/* End PBXContainerItemProxy section */

/* Begin PBXFileReference section */
		1B91C92C1A7950ED00ADC3D1 /* SearchResultsController.h */ = {isa = PBXFileReference; fileEncoding = 4; lastKnownFileType = sourcecode.c.h; path = SearchResultsController.h; sourceTree = "<group>"; };
		1B91C92D1A7950ED00ADC3D1 /* SearchResultsController.m */ = {isa = PBXFileReference; fileEncoding = 4; lastKnownFileType = sourcecode.c.objc; path = SearchResultsController.m; sourceTree = "<group>"; };
		1BC71F8D1A76F39E004EBA6F /* ViewDocController.h */ = {isa = PBXFileReference; fileEncoding = 4; lastKnownFileType = sourcecode.c.h; path = ViewDocController.h; sourceTree = "<group>"; };
		1BC71F8E1A76F39E004EBA6F /* ViewDocController.m */ = {isa = PBXFileReference; fileEncoding = 4; lastKnownFileType = sourcecode.c.objc; path = ViewDocController.m; sourceTree = "<group>"; };
		1BCB939F1A745AA200A0F689 /* COMP4601A1-Client.app */ = {isa = PBXFileReference; explicitFileType = wrapper.application; includeInIndex = 0; path = "COMP4601A1-Client.app"; sourceTree = BUILT_PRODUCTS_DIR; };
		1BCB93A31A745AA200A0F689 /* Info.plist */ = {isa = PBXFileReference; lastKnownFileType = text.plist.xml; path = Info.plist; sourceTree = "<group>"; };
		1BCB93A41A745AA200A0F689 /* main.m */ = {isa = PBXFileReference; lastKnownFileType = sourcecode.c.objc; path = main.m; sourceTree = "<group>"; };
		1BCB93A61A745AA200A0F689 /* AppDelegate.h */ = {isa = PBXFileReference; lastKnownFileType = sourcecode.c.h; path = AppDelegate.h; sourceTree = "<group>"; };
		1BCB93A71A745AA200A0F689 /* AppDelegate.m */ = {isa = PBXFileReference; lastKnownFileType = sourcecode.c.objc; path = AppDelegate.m; sourceTree = "<group>"; };
		1BCB93A91A745AA200A0F689 /* LibraryController.h */ = {isa = PBXFileReference; lastKnownFileType = sourcecode.c.h; path = LibraryController.h; sourceTree = "<group>"; };
		1BCB93AA1A745AA200A0F689 /* LibraryController.m */ = {isa = PBXFileReference; lastKnownFileType = sourcecode.c.objc; path = LibraryController.m; sourceTree = "<group>"; };
		1BCB93AC1A745AA200A0F689 /* CreateDocController.h */ = {isa = PBXFileReference; lastKnownFileType = sourcecode.c.h; path = CreateDocController.h; sourceTree = "<group>"; };
		1BCB93AD1A745AA200A0F689 /* CreateDocController.m */ = {isa = PBXFileReference; lastKnownFileType = sourcecode.c.objc; path = CreateDocController.m; sourceTree = "<group>"; };
		1BCB93B01A745AA200A0F689 /* Base */ = {isa = PBXFileReference; lastKnownFileType = file.storyboard; name = Base; path = Base.lproj/Main.storyboard; sourceTree = "<group>"; };
		1BCB93B21A745AA200A0F689 /* Images.xcassets */ = {isa = PBXFileReference; lastKnownFileType = folder.assetcatalog; path = Images.xcassets; sourceTree = "<group>"; };
		1BCB93B51A745AA200A0F689 /* Base */ = {isa = PBXFileReference; lastKnownFileType = file.xib; name = Base; path = Base.lproj/LaunchScreen.xib; sourceTree = "<group>"; };
		1BCB93BB1A745AA200A0F689 /* COMP4601A1-ClientTests.xctest */ = {isa = PBXFileReference; explicitFileType = wrapper.cfbundle; includeInIndex = 0; path = "COMP4601A1-ClientTests.xctest"; sourceTree = BUILT_PRODUCTS_DIR; };
		1BCB93C01A745AA200A0F689 /* Info.plist */ = {isa = PBXFileReference; lastKnownFileType = text.plist.xml; path = Info.plist; sourceTree = "<group>"; };
		1BCB93C11A745AA200A0F689 /* COMP4601A1_ClientTests.m */ = {isa = PBXFileReference; lastKnownFileType = sourcecode.c.objc; path = COMP4601A1_ClientTests.m; sourceTree = "<group>"; };
		1BCB93CC1A74685E00A0F689 /* Document.h */ = {isa = PBXFileReference; fileEncoding = 4; lastKnownFileType = sourcecode.c.h; path = Document.h; sourceTree = "<group>"; };
		1BCB93CD1A74685E00A0F689 /* Document.m */ = {isa = PBXFileReference; fileEncoding = 4; lastKnownFileType = sourcecode.c.objc; path = Document.m; sourceTree = "<group>"; };
		1BCB93CF1A747A4B00A0F689 /* SearchDocController.h */ = {isa = PBXFileReference; fileEncoding = 4; lastKnownFileType = sourcecode.c.h; path = SearchDocController.h; sourceTree = "<group>"; };
		1BCB93D01A747A4B00A0F689 /* SearchDocController.m */ = {isa = PBXFileReference; fileEncoding = 4; lastKnownFileType = sourcecode.c.objc; path = SearchDocController.m; sourceTree = "<group>"; };
		1BD2C01B1A75B83A00DF0A0D /* libPods-RestKit.a */ = {isa = PBXFileReference; lastKnownFileType = archive.ar; name = "libPods-RestKit.a"; path = "Pods/build/Debug-iphoneos/libPods-RestKit.a"; sourceTree = "<group>"; };
		1BD2C01D1A75B87F00DF0A0D /* CFNetwork.framework */ = {isa = PBXFileReference; lastKnownFileType = wrapper.framework; name = CFNetwork.framework; path = System/Library/Frameworks/CFNetwork.framework; sourceTree = SDKROOT; };
		1BD2C01E1A75B87F00DF0A0D /* CoreData.framework */ = {isa = PBXFileReference; lastKnownFileType = wrapper.framework; name = CoreData.framework; path = System/Library/Frameworks/CoreData.framework; sourceTree = SDKROOT; };
		1BD2C01F1A75B87F00DF0A0D /* MobileCoreServices.framework */ = {isa = PBXFileReference; lastKnownFileType = wrapper.framework; name = MobileCoreServices.framework; path = System/Library/Frameworks/MobileCoreServices.framework; sourceTree = SDKROOT; };
		1BD2C0201A75B87F00DF0A0D /* Security.framework */ = {isa = PBXFileReference; lastKnownFileType = wrapper.framework; name = Security.framework; path = System/Library/Frameworks/Security.framework; sourceTree = SDKROOT; };
		1BD2C0211A75B87F00DF0A0D /* SystemConfiguration.framework */ = {isa = PBXFileReference; lastKnownFileType = wrapper.framework; name = SystemConfiguration.framework; path = System/Library/Frameworks/SystemConfiguration.framework; sourceTree = SDKROOT; };
		1BD2C02A1A75C47200DF0A0D /* RKXMLReaderSerialization.h */ = {isa = PBXFileReference; fileEncoding = 4; lastKnownFileType = sourcecode.c.h; path = RKXMLReaderSerialization.h; sourceTree = "<group>"; };
		1BD2C02B1A75C47200DF0A0D /* RKXMLReaderSerialization.m */ = {isa = PBXFileReference; fileEncoding = 4; lastKnownFileType = sourcecode.c.objc; path = RKXMLReaderSerialization.m; sourceTree = "<group>"; };
		1BD2C02D1A75C4DA00DF0A0D /* XMLReader.h */ = {isa = PBXFileReference; fileEncoding = 4; lastKnownFileType = sourcecode.c.h; path = XMLReader.h; sourceTree = "<group>"; };
		1BD2C02E1A75C4DA00DF0A0D /* XMLReader.m */ = {isa = PBXFileReference; fileEncoding = 4; lastKnownFileType = sourcecode.c.objc; path = XMLReader.m; sourceTree = "<group>"; };
		33589EB8E0C213F42A3097FC /* Pods.release.xcconfig */ = {isa = PBXFileReference; includeInIndex = 1; lastKnownFileType = text.xcconfig; name = Pods.release.xcconfig; path = "Pods/Target Support Files/Pods/Pods.release.xcconfig"; sourceTree = "<group>"; };
		5669B5B5A7B5DEDB288E69D9 /* Pods.debug.xcconfig */ = {isa = PBXFileReference; includeInIndex = 1; lastKnownFileType = text.xcconfig; name = Pods.debug.xcconfig; path = "Pods/Target Support Files/Pods/Pods.debug.xcconfig"; sourceTree = "<group>"; };
		A66DD144226338B05C43DEFC /* libPods.a */ = {isa = PBXFileReference; explicitFileType = archive.ar; includeInIndex = 0; path = libPods.a; sourceTree = BUILT_PRODUCTS_DIR; };
/* End PBXFileReference section */

/* Begin PBXFrameworksBuildPhase section */
		1BCB939C1A745AA200A0F689 /* Frameworks */ = {
			isa = PBXFrameworksBuildPhase;
			buildActionMask = 2147483647;
			files = (
				1BD2C0221A75B87F00DF0A0D /* CFNetwork.framework in Frameworks */,
				1BD2C0231A75B87F00DF0A0D /* CoreData.framework in Frameworks */,
				1BD2C0241A75B87F00DF0A0D /* MobileCoreServices.framework in Frameworks */,
				1BD2C0251A75B87F00DF0A0D /* Security.framework in Frameworks */,
				1BD2C0261A75B87F00DF0A0D /* SystemConfiguration.framework in Frameworks */,
				1BD2C01C1A75B83A00DF0A0D /* libPods-RestKit.a in Frameworks */,
				C9ADA369AD897A05ADDF0AF2 /* libPods.a in Frameworks */,
			);
			runOnlyForDeploymentPostprocessing = 0;
		};
		1BCB93B81A745AA200A0F689 /* Frameworks */ = {
			isa = PBXFrameworksBuildPhase;
			buildActionMask = 2147483647;
			files = (
			);
			runOnlyForDeploymentPostprocessing = 0;
		};
/* End PBXFrameworksBuildPhase section */

/* Begin PBXGroup section */
		180A35F1219F8AD40457F9E0 /* Pods */ = {
			isa = PBXGroup;
			children = (
				5669B5B5A7B5DEDB288E69D9 /* Pods.debug.xcconfig */,
				33589EB8E0C213F42A3097FC /* Pods.release.xcconfig */,
			);
			name = Pods;
			sourceTree = "<group>";
		};
		1BCB93961A745AA200A0F689 = {
			isa = PBXGroup;
			children = (
				1BCB93A11A745AA200A0F689 /* COMP4601A1-Client */,
				1BCB93BE1A745AA200A0F689 /* COMP4601A1-ClientTests */,
				1BCB93A01A745AA200A0F689 /* Products */,
				180A35F1219F8AD40457F9E0 /* Pods */,
				89A7372111DDFB08B19A549A /* Frameworks */,
			);
			sourceTree = "<group>";
		};
		1BCB93A01A745AA200A0F689 /* Products */ = {
			isa = PBXGroup;
			children = (
				1BCB939F1A745AA200A0F689 /* COMP4601A1-Client.app */,
				1BCB93BB1A745AA200A0F689 /* COMP4601A1-ClientTests.xctest */,
			);
			name = Products;
			sourceTree = "<group>";
		};
		1BCB93A11A745AA200A0F689 /* COMP4601A1-Client */ = {
			isa = PBXGroup;
			children = (
				1BD2C02D1A75C4DA00DF0A0D /* XMLReader.h */,
				1BD2C02E1A75C4DA00DF0A0D /* XMLReader.m */,
				1BD2C02A1A75C47200DF0A0D /* RKXMLReaderSerialization.h */,
				1BD2C02B1A75C47200DF0A0D /* RKXMLReaderSerialization.m */,
				1BCB93CB1A74661D00A0F689 /* Models */,
				1BCB93A61A745AA200A0F689 /* AppDelegate.h */,
				1BCB93A71A745AA200A0F689 /* AppDelegate.m */,
				1BCB93A91A745AA200A0F689 /* LibraryController.h */,
				1BCB93AA1A745AA200A0F689 /* LibraryController.m */,
				1BCB93AC1A745AA200A0F689 /* CreateDocController.h */,
				1BCB93AD1A745AA200A0F689 /* CreateDocController.m */,
				1BCB93CF1A747A4B00A0F689 /* SearchDocController.h */,
				1BCB93D01A747A4B00A0F689 /* SearchDocController.m */,
				1B91C92C1A7950ED00ADC3D1 /* SearchResultsController.h */,
				1B91C92D1A7950ED00ADC3D1 /* SearchResultsController.m */,
				1BC71F8D1A76F39E004EBA6F /* ViewDocController.h */,
				1BC71F8E1A76F39E004EBA6F /* ViewDocController.m */,
				1BCB93AF1A745AA200A0F689 /* Main.storyboard */,
				1BCB93B21A745AA200A0F689 /* Images.xcassets */,
				1BCB93B41A745AA200A0F689 /* LaunchScreen.xib */,
				1BCB93A21A745AA200A0F689 /* Supporting Files */,
			);
			path = "COMP4601A1-Client";
			sourceTree = "<group>";
		};
		1BCB93A21A745AA200A0F689 /* Supporting Files */ = {
			isa = PBXGroup;
			children = (
				1BCB93A31A745AA200A0F689 /* Info.plist */,
				1BCB93A41A745AA200A0F689 /* main.m */,
			);
			name = "Supporting Files";
			sourceTree = "<group>";
		};
		1BCB93BE1A745AA200A0F689 /* COMP4601A1-ClientTests */ = {
			isa = PBXGroup;
			children = (
				1BCB93C11A745AA200A0F689 /* COMP4601A1_ClientTests.m */,
				1BCB93BF1A745AA200A0F689 /* Supporting Files */,
			);
			path = "COMP4601A1-ClientTests";
			sourceTree = "<group>";
		};
		1BCB93BF1A745AA200A0F689 /* Supporting Files */ = {
			isa = PBXGroup;
			children = (
				1BCB93C01A745AA200A0F689 /* Info.plist */,
			);
			name = "Supporting Files";
			sourceTree = "<group>";
		};
		1BCB93CB1A74661D00A0F689 /* Models */ = {
			isa = PBXGroup;
			children = (
				1BCB93CC1A74685E00A0F689 /* Document.h */,
				1BCB93CD1A74685E00A0F689 /* Document.m */,
			);
			name = Models;
			sourceTree = "<group>";
		};
		89A7372111DDFB08B19A549A /* Frameworks */ = {
			isa = PBXGroup;
			children = (
				1BD2C01D1A75B87F00DF0A0D /* CFNetwork.framework */,
				1BD2C01E1A75B87F00DF0A0D /* CoreData.framework */,
				1BD2C01F1A75B87F00DF0A0D /* MobileCoreServices.framework */,
				1BD2C0201A75B87F00DF0A0D /* Security.framework */,
				1BD2C0211A75B87F00DF0A0D /* SystemConfiguration.framework */,
				1BD2C01B1A75B83A00DF0A0D /* libPods-RestKit.a */,
				A66DD144226338B05C43DEFC /* libPods.a */,
			);
			name = Frameworks;
			sourceTree = "<group>";
		};
/* End PBXGroup section */

/* Begin PBXNativeTarget section */
		1BCB939E1A745AA200A0F689 /* COMP4601A1-Client */ = {
			isa = PBXNativeTarget;
			buildConfigurationList = 1BCB93C51A745AA200A0F689 /* Build configuration list for PBXNativeTarget "COMP4601A1-Client" */;
			buildPhases = (
				AE3A5505758A873F48A2C1D1 /* Check Pods Manifest.lock */,
				1BCB939B1A745AA200A0F689 /* Sources */,
				1BCB939C1A745AA200A0F689 /* Frameworks */,
				1BCB939D1A745AA200A0F689 /* Resources */,
				8DF69AB859A1CBB2BCE5C129 /* Copy Pods Resources */,
			);
			buildRules = (
			);
			dependencies = (
			);
			name = "COMP4601A1-Client";
			productName = "COMP4601A1-Client";
			productReference = 1BCB939F1A745AA200A0F689 /* COMP4601A1-Client.app */;
			productType = "com.apple.product-type.application";
		};
		1BCB93BA1A745AA200A0F689 /* COMP4601A1-ClientTests */ = {
			isa = PBXNativeTarget;
			buildConfigurationList = 1BCB93C81A745AA200A0F689 /* Build configuration list for PBXNativeTarget "COMP4601A1-ClientTests" */;
			buildPhases = (
				1BCB93B71A745AA200A0F689 /* Sources */,
				1BCB93B81A745AA200A0F689 /* Frameworks */,
				1BCB93B91A745AA200A0F689 /* Resources */,
			);
			buildRules = (
			);
			dependencies = (
				1BCB93BD1A745AA200A0F689 /* PBXTargetDependency */,
			);
			name = "COMP4601A1-ClientTests";
			productName = "COMP4601A1-ClientTests";
			productReference = 1BCB93BB1A745AA200A0F689 /* COMP4601A1-ClientTests.xctest */;
			productType = "com.apple.product-type.bundle.unit-test";
		};
/* End PBXNativeTarget section */

/* Begin PBXProject section */
		1BCB93971A745AA200A0F689 /* Project object */ = {
			isa = PBXProject;
			attributes = {
				LastUpgradeCheck = 0610;
				ORGANIZATIONNAME = "Adam Donegan";
				TargetAttributes = {
					1BCB939E1A745AA200A0F689 = {
						CreatedOnToolsVersion = 6.1.1;
					};
					1BCB93BA1A745AA200A0F689 = {
						CreatedOnToolsVersion = 6.1.1;
						TestTargetID = 1BCB939E1A745AA200A0F689;
					};
				};
			};
			buildConfigurationList = 1BCB939A1A745AA200A0F689 /* Build configuration list for PBXProject "COMP4601A1-Client" */;
			compatibilityVersion = "Xcode 3.2";
			developmentRegion = English;
			hasScannedForEncodings = 0;
			knownRegions = (
				en,
				Base,
			);
			mainGroup = 1BCB93961A745AA200A0F689;
			productRefGroup = 1BCB93A01A745AA200A0F689 /* Products */;
			projectDirPath = "";
			projectRoot = "";
			targets = (
				1BCB939E1A745AA200A0F689 /* COMP4601A1-Client */,
				1BCB93BA1A745AA200A0F689 /* COMP4601A1-ClientTests */,
			);
		};
/* End PBXProject section */

/* Begin PBXResourcesBuildPhase section */
		1BCB939D1A745AA200A0F689 /* Resources */ = {
			isa = PBXResourcesBuildPhase;
			buildActionMask = 2147483647;
			files = (
				1BCB93B11A745AA200A0F689 /* Main.storyboard in Resources */,
				1BCB93B61A745AA200A0F689 /* LaunchScreen.xib in Resources */,
				1BCB93B31A745AA200A0F689 /* Images.xcassets in Resources */,
			);
			runOnlyForDeploymentPostprocessing = 0;
		};
		1BCB93B91A745AA200A0F689 /* Resources */ = {
			isa = PBXResourcesBuildPhase;
			buildActionMask = 2147483647;
			files = (
			);
			runOnlyForDeploymentPostprocessing = 0;
		};
/* End PBXResourcesBuildPhase section */

/* Begin PBXShellScriptBuildPhase section */
		8DF69AB859A1CBB2BCE5C129 /* Copy Pods Resources */ = {
			isa = PBXShellScriptBuildPhase;
			buildActionMask = 2147483647;
			files = (
			);
			inputPaths = (
			);
			name = "Copy Pods Resources";
			outputPaths = (
			);
			runOnlyForDeploymentPostprocessing = 0;
			shellPath = /bin/sh;
			shellScript = "\"${SRCROOT}/Pods/Target Support Files/Pods/Pods-resources.sh\"\n";
			showEnvVarsInLog = 0;
		};
		AE3A5505758A873F48A2C1D1 /* Check Pods Manifest.lock */ = {
			isa = PBXShellScriptBuildPhase;
			buildActionMask = 2147483647;
			files = (
			);
			inputPaths = (
			);
			name = "Check Pods Manifest.lock";
			outputPaths = (
			);
			runOnlyForDeploymentPostprocessing = 0;
			shellPath = /bin/sh;
			shellScript = "diff \"${PODS_ROOT}/../Podfile.lock\" \"${PODS_ROOT}/Manifest.lock\" > /dev/null\nif [[ $? != 0 ]] ; then\n    cat << EOM\nerror: The sandbox is not in sync with the Podfile.lock. Run 'pod install' or update your CocoaPods installation.\nEOM\n    exit 1\nfi\n";
			showEnvVarsInLog = 0;
		};
/* End PBXShellScriptBuildPhase section */

/* Begin PBXSourcesBuildPhase section */
		1BCB939B1A745AA200A0F689 /* Sources */ = {
			isa = PBXSourcesBuildPhase;
			buildActionMask = 2147483647;
			files = (
				1B91C92E1A7950ED00ADC3D1 /* SearchResultsController.m in Sources */,
				1BCB93D11A747A4B00A0F689 /* SearchDocController.m in Sources */,
				1BCB93AE1A745AA200A0F689 /* CreateDocController.m in Sources */,
				1BD2C02F1A75C4DA00DF0A0D /* XMLReader.m in Sources */,
				1BC71F8F1A76F39E004EBA6F /* ViewDocController.m in Sources */,
				1BD2C02C1A75C47200DF0A0D /* RKXMLReaderSerialization.m in Sources */,
				1BCB93A81A745AA200A0F689 /* AppDelegate.m in Sources */,
				1BCB93AB1A745AA200A0F689 /* LibraryController.m in Sources */,
				1BCB93CE1A74685E00A0F689 /* Document.m in Sources */,
				1BCB93A51A745AA200A0F689 /* main.m in Sources */,
			);
			runOnlyForDeploymentPostprocessing = 0;
		};
		1BCB93B71A745AA200A0F689 /* Sources */ = {
			isa = PBXSourcesBuildPhase;
			buildActionMask = 2147483647;
			files = (
				1BCB93C21A745AA200A0F689 /* COMP4601A1_ClientTests.m in Sources */,
			);
			runOnlyForDeploymentPostprocessing = 0;
		};
/* End PBXSourcesBuildPhase section */

/* Begin PBXTargetDependency section */
		1BCB93BD1A745AA200A0F689 /* PBXTargetDependency */ = {
			isa = PBXTargetDependency;
			target = 1BCB939E1A745AA200A0F689 /* COMP4601A1-Client */;
			targetProxy = 1BCB93BC1A745AA200A0F689 /* PBXContainerItemProxy */;
		};
/* End PBXTargetDependency section */

/* Begin PBXVariantGroup section */
		1BCB93AF1A745AA200A0F689 /* Main.storyboard */ = {
			isa = PBXVariantGroup;
			children = (
				1BCB93B01A745AA200A0F689 /* Base */,
			);
			name = Main.storyboard;
			sourceTree = "<group>";
		};
		1BCB93B41A745AA200A0F689 /* LaunchScreen.xib */ = {
			isa = PBXVariantGroup;
			children = (
				1BCB93B51A745AA200A0F689 /* Base */,
			);
			name = LaunchScreen.xib;
			sourceTree = "<group>";
		};
/* End PBXVariantGroup section */

/* Begin XCBuildConfiguration section */
		1BCB93C31A745AA200A0F689 /* Debug */ = {
			isa = XCBuildConfiguration;
			buildSettings = {
				ALWAYS_SEARCH_USER_PATHS = NO;
				CLANG_CXX_LANGUAGE_STANDARD = "gnu++0x";
				CLANG_CXX_LIBRARY = "libc++";
				CLANG_ENABLE_MODULES = YES;
				CLANG_ENABLE_OBJC_ARC = YES;
				CLANG_WARN_BOOL_CONVERSION = YES;
				CLANG_WARN_CONSTANT_CONVERSION = YES;
				CLANG_WARN_DIRECT_OBJC_ISA_USAGE = YES_ERROR;
				CLANG_WARN_EMPTY_BODY = YES;
				CLANG_WARN_ENUM_CONVERSION = YES;
				CLANG_WARN_INT_CONVERSION = YES;
				CLANG_WARN_OBJC_ROOT_CLASS = YES_ERROR;
				CLANG_WARN_UNREACHABLE_CODE = YES;
				CLANG_WARN__DUPLICATE_METHOD_MATCH = YES;
				"CODE_SIGN_IDENTITY[sdk=iphoneos*]" = "iPhone Developer";
				COPY_PHASE_STRIP = NO;
				ENABLE_STRICT_OBJC_MSGSEND = YES;
				GCC_C_LANGUAGE_STANDARD = gnu99;
				GCC_DYNAMIC_NO_PIC = NO;
				GCC_OPTIMIZATION_LEVEL = 0;
				GCC_PREPROCESSOR_DEFINITIONS = (
					"DEBUG=1",
					"$(inherited)",
				);
				GCC_SYMBOLS_PRIVATE_EXTERN = NO;
				GCC_WARN_64_TO_32_BIT_CONVERSION = YES;
				GCC_WARN_ABOUT_RETURN_TYPE = YES_ERROR;
				GCC_WARN_UNDECLARED_SELECTOR = YES;
				GCC_WARN_UNINITIALIZED_AUTOS = YES_AGGRESSIVE;
				GCC_WARN_UNUSED_FUNCTION = YES;
				GCC_WARN_UNUSED_VARIABLE = YES;
				IPHONEOS_DEPLOYMENT_TARGET = 8.1;
				MTL_ENABLE_DEBUG_INFO = YES;
				ONLY_ACTIVE_ARCH = YES;
				SDKROOT = iphoneos;
			};
			name = Debug;
		};
		1BCB93C41A745AA200A0F689 /* Release */ = {
			isa = XCBuildConfiguration;
			buildSettings = {
				ALWAYS_SEARCH_USER_PATHS = NO;
				CLANG_CXX_LANGUAGE_STANDARD = "gnu++0x";
				CLANG_CXX_LIBRARY = "libc++";
				CLANG_ENABLE_MODULES = YES;
				CLANG_ENABLE_OBJC_ARC = YES;
				CLANG_WARN_BOOL_CONVERSION = YES;
				CLANG_WARN_CONSTANT_CONVERSION = YES;
				CLANG_WARN_DIRECT_OBJC_ISA_USAGE = YES_ERROR;
				CLANG_WARN_EMPTY_BODY = YES;
				CLANG_WARN_ENUM_CONVERSION = YES;
				CLANG_WARN_INT_CONVERSION = YES;
				CLANG_WARN_OBJC_ROOT_CLASS = YES_ERROR;
				CLANG_WARN_UNREACHABLE_CODE = YES;
				CLANG_WARN__DUPLICATE_METHOD_MATCH = YES;
				"CODE_SIGN_IDENTITY[sdk=iphoneos*]" = "iPhone Developer";
				COPY_PHASE_STRIP = YES;
				ENABLE_NS_ASSERTIONS = NO;
				ENABLE_STRICT_OBJC_MSGSEND = YES;
				GCC_C_LANGUAGE_STANDARD = gnu99;
				GCC_WARN_64_TO_32_BIT_CONVERSION = YES;
				GCC_WARN_ABOUT_RETURN_TYPE = YES_ERROR;
				GCC_WARN_UNDECLARED_SELECTOR = YES;
				GCC_WARN_UNINITIALIZED_AUTOS = YES_AGGRESSIVE;
				GCC_WARN_UNUSED_FUNCTION = YES;
				GCC_WARN_UNUSED_VARIABLE = YES;
				IPHONEOS_DEPLOYMENT_TARGET = 8.1;
				MTL_ENABLE_DEBUG_INFO = NO;
				SDKROOT = iphoneos;
				VALIDATE_PRODUCT = YES;
			};
			name = Release;
		};
		1BCB93C61A745AA200A0F689 /* Debug */ = {
			isa = XCBuildConfiguration;
			baseConfigurationReference = 5669B5B5A7B5DEDB288E69D9 /* Pods.debug.xcconfig */;
			buildSettings = {
				ASSETCATALOG_COMPILER_APPICON_NAME = AppIcon;
				HEADER_SEARCH_PATHS = (
					"\"${PODS_ROOT}/Headers/Public\"",
					"\"${PODS_ROOT}/Headers/Public/AFNetworking\"",
					"\"${PODS_ROOT}/Headers/Public/RestKit\"",
					"\"${PODS_ROOT}/Headers/Public/RestKit/RestKit\"",
					"\"${PODS_ROOT}/Headers/Public/RestKit/RestKit/CoreData\"",
					"\"${PODS_ROOT}/Headers/Public/RestKit/RestKit/Network\"",
					"\"${PODS_ROOT}/Headers/Public/RestKit/RestKit/ObjectMapping\"",
					"\"${PODS_ROOT}/Headers/Public/RestKit/RestKit/Support\"",
					"\"${PODS_ROOT}/Headers/Public/SOCKit\"",
					"\"${PODS_ROOT}/Headers/Public/TransitionKit\"",
					"\"$(BUILT_PRODUCTS_DIR)/../../Headers\"",
				);
				INFOPLIST_FILE = "COMP4601A1-Client/Info.plist";
				LD_RUNPATH_SEARCH_PATHS = "$(inherited) @executable_path/Frameworks";
				LIBRARY_SEARCH_PATHS = (
					"$(inherited)",
					"$(PROJECT_DIR)/Pods/build/Debug-iphoneos",
				);
				OTHER_LDFLAGS = (
					"-ObjC",
					"-l\"Pods-AFNetworking\"",
					"-l\"Pods-RestKit\"",
					"-l\"Pods-SOCKit\"",
					"-l\"Pods-TransitionKit\"",
					"-framework",
					"\"CFNetwork\"",
					"-framework",
					"\"CoreData\"",
					"-framework",
					"\"CoreGraphics\"",
					"-framework",
					"\"MobileCoreServices\"",
					"-framework",
					"\"Security\"",
					"-framework",
					"\"SystemConfiguration\"",
					"$(inherited)",
				);
				PRODUCT_NAME = "$(TARGET_NAME)";
			};
			name = Debug;
		};
		1BCB93C71A745AA200A0F689 /* Release */ = {
			isa = XCBuildConfiguration;
			baseConfigurationReference = 33589EB8E0C213F42A3097FC /* Pods.release.xcconfig */;
			buildSettings = {
				ASSETCATALOG_COMPILER_APPICON_NAME = AppIcon;
				HEADER_SEARCH_PATHS = (
					"\"${PODS_ROOT}/Headers/Public\"",
					"\"${PODS_ROOT}/Headers/Public/AFNetworking\"",
					"\"${PODS_ROOT}/Headers/Public/RestKit\"",
					"\"${PODS_ROOT}/Headers/Public/RestKit/RestKit\"",
					"\"${PODS_ROOT}/Headers/Public/RestKit/RestKit/CoreData\"",
					"\"${PODS_ROOT}/Headers/Public/RestKit/RestKit/Network\"",
					"\"${PODS_ROOT}/Headers/Public/RestKit/RestKit/ObjectMapping\"",
					"\"${PODS_ROOT}/Headers/Public/RestKit/RestKit/Support\"",
					"\"${PODS_ROOT}/Headers/Public/SOCKit\"",
					"\"${PODS_ROOT}/Headers/Public/TransitionKit\"",
					"\"$(BUILT_PRODUCTS_DIR)/../../Headers\"",
				);
				INFOPLIST_FILE = "COMP4601A1-Client/Info.plist";
				LD_RUNPATH_SEARCH_PATHS = "$(inherited) @executable_path/Frameworks";
				LIBRARY_SEARCH_PATHS = (
					"$(inherited)",
					"$(PROJECT_DIR)/Pods/build/Debug-iphoneos",
				);
				OTHER_LDFLAGS = (
					"-ObjC",
					"-l\"Pods-AFNetworking\"",
					"-l\"Pods-RestKit\"",
					"-l\"Pods-SOCKit\"",
					"-l\"Pods-TransitionKit\"",
					"-framework",
					"\"CFNetwork\"",
					"-framework",
					"\"CoreData\"",
					"-framework",
					"\"CoreGraphics\"",
					"-framework",
					"\"MobileCoreServices\"",
					"-framework",
					"\"Security\"",
					"-framework",
					"\"SystemConfiguration\"",
					"$(inherited)",
				);
				PRODUCT_NAME = "$(TARGET_NAME)";
			};
			name = Release;
		};
		1BCB93C91A745AA200A0F689 /* Debug */ = {
			isa = XCBuildConfiguration;
			buildSettings = {
				BUNDLE_LOADER = "$(TEST_HOST)";
				FRAMEWORK_SEARCH_PATHS = (
					"$(SDKROOT)/Developer/Library/Frameworks",
					"$(inherited)",
				);
				GCC_PREPROCESSOR_DEFINITIONS = (
					"DEBUG=1",
					"$(inherited)",
				);
				INFOPLIST_FILE = "COMP4601A1-ClientTests/Info.plist";
				LD_RUNPATH_SEARCH_PATHS = "$(inherited) @executable_path/Frameworks @loader_path/Frameworks";
				PRODUCT_NAME = "$(TARGET_NAME)";
				TEST_HOST = "$(BUILT_PRODUCTS_DIR)/COMP4601A1-Client.app/COMP4601A1-Client";
			};
			name = Debug;
		};
		1BCB93CA1A745AA200A0F689 /* Release */ = {
			isa = XCBuildConfiguration;
			buildSettings = {
				BUNDLE_LOADER = "$(TEST_HOST)";
				FRAMEWORK_SEARCH_PATHS = (
					"$(SDKROOT)/Developer/Library/Frameworks",
					"$(inherited)",
				);
				INFOPLIST_FILE = "COMP4601A1-ClientTests/Info.plist";
				LD_RUNPATH_SEARCH_PATHS = "$(inherited) @executable_path/Frameworks @loader_path/Frameworks";
				PRODUCT_NAME = "$(TARGET_NAME)";
				TEST_HOST = "$(BUILT_PRODUCTS_DIR)/COMP4601A1-Client.app/COMP4601A1-Client";
			};
			name = Release;
		};
/* End XCBuildConfiguration section */

/* Begin XCConfigurationList section */
		1BCB939A1A745AA200A0F689 /* Build configuration list for PBXProject "COMP4601A1-Client" */ = {
			isa = XCConfigurationList;
			buildConfigurations = (
				1BCB93C31A745AA200A0F689 /* Debug */,
				1BCB93C41A745AA200A0F689 /* Release */,
			);
			defaultConfigurationIsVisible = 0;
			defaultConfigurationName = Release;
		};
		1BCB93C51A745AA200A0F689 /* Build configuration list for PBXNativeTarget "COMP4601A1-Client" */ = {
			isa = XCConfigurationList;
			buildConfigurations = (
				1BCB93C61A745AA200A0F689 /* Debug */,
				1BCB93C71A745AA200A0F689 /* Release */,
			);
			defaultConfigurationIsVisible = 0;
			defaultConfigurationName = Release;
		};
		1BCB93C81A745AA200A0F689 /* Build configuration list for PBXNativeTarget "COMP4601A1-ClientTests" */ = {
			isa = XCConfigurationList;
			buildConfigurations = (
				1BCB93C91A745AA200A0F689 /* Debug */,
				1BCB93CA1A745AA200A0F689 /* Release */,
			);
			defaultConfigurationIsVisible = 0;
			defaultConfigurationName = Release;
		};
/* End XCConfigurationList section */
	};
	rootObject = 1BCB93971A745AA200A0F689 /* Project object */;
}
